// !$*UTF8*$!
{
	archiveVersion = 1;
	classes = {
	};
	objectVersion = 50;
	objects = {

/* Begin PBXBuildFile section */
		C387978F27174B06004B977E /* AppDelegate.swift in Sources */ = {isa = PBXBuildFile; fileRef = C387978E27174B06004B977E /* AppDelegate.swift */; };
		C387979127174B06004B977E /* SceneDelegate.swift in Sources */ = {isa = PBXBuildFile; fileRef = C387979027174B06004B977E /* SceneDelegate.swift */; };
		C387979327174B06004B977E /* ViewController.swift in Sources */ = {isa = PBXBuildFile; fileRef = C387979227174B06004B977E /* ViewController.swift */; };
		C387979627174B06004B977E /* Main.storyboard in Resources */ = {isa = PBXBuildFile; fileRef = C387979427174B06004B977E /* Main.storyboard */; };
		C387979827174B09004B977E /* Assets.xcassets in Resources */ = {isa = PBXBuildFile; fileRef = C387979727174B09004B977E /* Assets.xcassets */; };
		C387979B27174B09004B977E /* LaunchScreen.storyboard in Resources */ = {isa = PBXBuildFile; fileRef = C387979927174B09004B977E /* LaunchScreen.storyboard */; };
		C38797A427174C87004B977E /* Test.html in Resources */ = {isa = PBXBuildFile; fileRef = C38797A327174C86004B977E /* Test.html */; };
		C38797AA2717502B004B977E /* WebViewWrapper.swift in Sources */ = {isa = PBXBuildFile; fileRef = C38797A92717502B004B977E /* WebViewWrapper.swift */; };
/* End PBXBuildFile section */

/* Begin PBXFileReference section */
		C387978B27174B06004B977E /* CommunicationBetweenWebviewAndNative.app */ = {isa = PBXFileReference; explicitFileType = wrapper.application; includeInIndex = 0; path = CommunicationBetweenWebviewAndNative.app; sourceTree = BUILT_PRODUCTS_DIR; };
		C387978E27174B06004B977E /* AppDelegate.swift */ = {isa = PBXFileReference; lastKnownFileType = sourcecode.swift; path = AppDelegate.swift; sourceTree = "<group>"; };
		C387979027174B06004B977E /* SceneDelegate.swift */ = {isa = PBXFileReference; lastKnownFileType = sourcecode.swift; path = SceneDelegate.swift; sourceTree = "<group>"; };
		C387979227174B06004B977E /* ViewController.swift */ = {isa = PBXFileReference; lastKnownFileType = sourcecode.swift; path = ViewController.swift; sourceTree = "<group>"; };
		C387979527174B06004B977E /* Base */ = {isa = PBXFileReference; lastKnownFileType = file.storyboard; name = Base; path = Base.lproj/Main.storyboard; sourceTree = "<group>"; };
		C387979727174B09004B977E /* Assets.xcassets */ = {isa = PBXFileReference; lastKnownFileType = folder.assetcatalog; path = Assets.xcassets; sourceTree = "<group>"; };
		C387979A27174B09004B977E /* Base */ = {isa = PBXFileReference; lastKnownFileType = file.storyboard; name = Base; path = Base.lproj/LaunchScreen.storyboard; sourceTree = "<group>"; };
		C387979C27174B09004B977E /* Info.plist */ = {isa = PBXFileReference; lastKnownFileType = text.plist.xml; path = Info.plist; sourceTree = "<group>"; };
		C38797A327174C86004B977E /* Test.html */ = {isa = PBXFileReference; fileEncoding = 4; lastKnownFileType = text.html; path = Test.html; sourceTree = "<group>"; };
		C38797A92717502B004B977E /* WebViewWrapper.swift */ = {isa = PBXFileReference; lastKnownFileType = sourcecode.swift; path = WebViewWrapper.swift; sourceTree = "<group>"; };
/* End PBXFileReference section */

/* Begin PBXFrameworksBuildPhase section */
		C387978827174B06004B977E /* Frameworks */ = {
			isa = PBXFrameworksBuildPhase;
			buildActionMask = 2147483647;
			files = (
			);
			runOnlyForDeploymentPostprocessing = 0;
		};
/* End PBXFrameworksBuildPhase section */

/* Begin PBXGroup section */
		C387978227174B06004B977E = {
			isa = PBXGroup;
			children = (
				C387978D27174B06004B977E /* CommunicationBetweenWebviewAndNative */,
				C387978C27174B06004B977E /* Products */,
			);
			sourceTree = "<group>";
		};
		C387978C27174B06004B977E /* Products */ = {
			isa = PBXGroup;
			children = (
				C387978B27174B06004B977E /* CommunicationBetweenWebviewAndNative.app */,
			);
			name = Products;
			sourceTree = "<group>";
		};
		C387978D27174B06004B977E /* CommunicationBetweenWebviewAndNative */ = {
			isa = PBXGroup;
			children = (
				C38797A327174C86004B977E /* Test.html */,
				C387978E27174B06004B977E /* AppDelegate.swift */,
				C387979027174B06004B977E /* SceneDelegate.swift */,
				C387979227174B06004B977E /* ViewController.swift */,
				C387979427174B06004B977E /* Main.storyboard */,
				C387979727174B09004B977E /* Assets.xcassets */,
				C387979927174B09004B977E /* LaunchScreen.storyboard */,
				C387979C27174B09004B977E /* Info.plist */,
				C38797A92717502B004B977E /* WebViewWrapper.swift */,
			);
			path = CommunicationBetweenWebviewAndNative;
			sourceTree = "<group>";
		};
/* End PBXGroup section */

/* Begin PBXNativeTarget section */
		C387978A27174B06004B977E /* CommunicationBetweenWebviewAndNative */ = {
			isa = PBXNativeTarget;
			buildConfigurationList = C387979F27174B09004B977E /* Build configuration list for PBXNativeTarget "CommunicationBetweenWebviewAndNative" */;
			buildPhases = (
				C387978727174B06004B977E /* Sources */,
				C387978827174B06004B977E /* Frameworks */,
				C387978927174B06004B977E /* Resources */,
			);
			buildRules = (
			);
			dependencies = (
			);
			name = CommunicationBetweenWebviewAndNative;
			productName = CommunicationBetweenWebviewAndNative;
			productReference = C387978B27174B06004B977E /* CommunicationBetweenWebviewAndNative.app */;
			productType = "com.apple.product-type.application";
		};
/* End PBXNativeTarget section */

/* Begin PBXProject section */
		C387978327174B06004B977E /* Project object */ = {
			isa = PBXProject;
			attributes = {
				LastSwiftUpdateCheck = 1240;
				LastUpgradeCheck = 1240;
				TargetAttributes = {
					C387978A27174B06004B977E = {
						CreatedOnToolsVersion = 12.4;
					};
				};
			};
			buildConfigurationList = C387978627174B06004B977E /* Build configuration list for PBXProject "CommunicationBetweenWebviewAndNative" */;
			compatibilityVersion = "Xcode 9.3";
			developmentRegion = en;
			hasScannedForEncodings = 0;
			knownRegions = (
				en,
				Base,
			);
			mainGroup = C387978227174B06004B977E;
			productRefGroup = C387978C27174B06004B977E /* Products */;
			projectDirPath = "";
			projectRoot = "";
			targets = (
				C387978A27174B06004B977E /* CommunicationBetweenWebviewAndNative */,
			);
		};
/* End PBXProject section */

/* Begin PBXResourcesBuildPhase section */
		C387978927174B06004B977E /* Resources */ = {
			isa = PBXResourcesBuildPhase;
			buildActionMask = 2147483647;
			files = (
				C38797A427174C87004B977E /* Test.html in Resources */,
				C387979B27174B09004B977E /* LaunchScreen.storyboard in Resources */,
				C387979827174B09004B977E /* Assets.xcassets in Resources */,
				C387979627174B06004B977E /* Main.storyboard in Resources */,
			);
			runOnlyForDeploymentPostprocessing = 0;
		};
/* End PBXResourcesBuildPhase section */

/* Begin PBXSourcesBuildPhase section */
		C387978727174B06004B977E /* Sources */ = {
			isa = PBXSourcesBuildPhase;
			buildActionMask = 2147483647;
			files = (
				C38797AA2717502B004B977E /* WebViewWrapper.swift in Sources */,
				C387979327174B06004B977E /* ViewController.swift in Sources */,
				C387978F27174B06004B977E /* AppDelegate.swift in Sources */,
				C387979127174B06004B977E /* SceneDelegate.swift in Sources */,
			);
			runOnlyForDeploymentPostprocessing = 0;
		};
/* End PBXSourcesBuildPhase section */

/* Begin PBXVariantGroup section */
		C387979427174B06004B977E /* Main.storyboard */ = {
			isa = PBXVariantGroup;
			children = (
				C387979527174B06004B977E /* Base */,
			);
			name = Main.storyboard;
			sourceTree = "<group>";
		};
		C387979927174B09004B977E /* LaunchScreen.storyboard */ = {
			isa = PBXVariantGroup;
			children = (
				C387979A27174B09004B977E /* Base */,
			);
			name = LaunchScreen.storyboard;
			sourceTree = "<group>";
		};
/* End PBXVariantGroup section */

/* Begin XCBuildConfiguration section */
		C387979D27174B09004B977E /* Debug */ = {
			isa = XCBuildConfiguration;
			buildSettings = {
				ALWAYS_SEARCH_USER_PATHS = NO;
				CLANG_ANALYZER_NONNULL = YES;
				CLANG_ANALYZER_NUMBER_OBJECT_CONVERSION = YES_AGGRESSIVE;
				CLANG_CXX_LANGUAGE_STANDARD = "gnu++14";
				CLANG_CXX_LIBRARY = "libc++";
				CLANG_ENABLE_MODULES = YES;
				CLANG_ENABLE_OBJC_ARC = YES;
				CLANG_ENABLE_OBJC_WEAK = YES;
				CLANG_WARN_BLOCK_CAPTURE_AUTORELEASING = YES;
				CLANG_WARN_BOOL_CONVERSION = YES;
				CLANG_WARN_COMMA = YES;
				CLANG_WARN_CONSTANT_CONVERSION = YES;
				CLANG_WARN_DEPRECATED_OBJC_IMPLEMENTATIONS = YES;
				CLANG_WARN_DIRECT_OBJC_ISA_USAGE = YES_ERROR;
				CLANG_WARN_DOCUMENTATION_COMMENTS = YES;
				CLANG_WARN_EMPTY_BODY = YES;
				CLANG_WARN_ENUM_CONVERSION = YES;
				CLANG_WARN_INFINITE_RECURSION = YES;
				CLANG_WARN_INT_CONVERSION = YES;
				CLANG_WARN_NON_LITERAL_NULL_CONVERSION = YES;
				CLANG_WARN_OBJC_IMPLICIT_RETAIN_SELF = YES;
				CLANG_WARN_OBJC_LITERAL_CONVERSION = YES;
				CLANG_WARN_OBJC_ROOT_CLASS = YES_ERROR;
				CLANG_WARN_QUOTED_INCLUDE_IN_FRAMEWORK_HEADER = YES;
				CLANG_WARN_RANGE_LOOP_ANALYSIS = YES;
				CLANG_WARN_STRICT_PROTOTYPES = YES;
				CLANG_WARN_SUSPICIOUS_MOVE = YES;
				CLANG_WARN_UNGUARDED_AVAILABILITY = YES_AGGRESSIVE;
				CLANG_WARN_UNREACHABLE_CODE = YES;
				CLANG_WARN__DUPLICATE_METHOD_MATCH = YES;
				COPY_PHASE_STRIP = NO;
				DEBUG_INFORMATION_FORMAT = dwarf;
				ENABLE_STRICT_OBJC_MSGSEND = YES;
				ENABLE_TESTABILITY = YES;
				GCC_C_LANGUAGE_STANDARD = gnu11;
				GCC_DYNAMIC_NO_PIC = NO;
				GCC_NO_COMMON_BLOCKS = YES;
				GCC_OPTIMIZATION_LEVEL = 0;
				GCC_PREPROCESSOR_DEFINITIONS = (
					"DEBUG=1",
					"$(inherited)",
				);
				GCC_WARN_64_TO_32_BIT_CONVERSION = YES;
				GCC_WARN_ABOUT_RETURN_TYPE = YES_ERROR;
				GCC_WARN_UNDECLARED_SELECTOR = YES;
				GCC_WARN_UNINITIALIZED_AUTOS = YES_AGGRESSIVE;
				GCC_WARN_UNUSED_FUNCTION = YES;
				GCC_WARN_UNUSED_VARIABLE = YES;
				IPHONEOS_DEPLOYMENT_TARGET = 14.4;
				MTL_ENABLE_DEBUG_INFO = INCLUDE_SOURCE;
				MTL_FAST_MATH = YES;
				ONLY_ACTIVE_ARCH = YES;
				SDKROOT = iphoneos;
				SWIFT_ACTIVE_COMPILATION_CONDITIONS = DEBUG;
				SWIFT_OPTIMIZATION_LEVEL = "-Onone";
			};
			name = Debug;
		};
		C387979E27174B09004B977E /* Release */ = {
			isa = XCBuildConfiguration;
			buildSettings = {
				ALWAYS_SEARCH_USER_PATHS = NO;
				CLANG_ANALYZER_NONNULL = YES;
				CLANG_ANALYZER_NUMBER_OBJECT_CONVERSION = YES_AGGRESSIVE;
				CLANG_CXX_LANGUAGE_STANDARD = "gnu++14";
				CLANG_CXX_LIBRARY = "libc++";
				CLANG_ENABLE_MODULES = YES;
				CLANG_ENABLE_OBJC_ARC = YES;
				CLANG_ENABLE_OBJC_WEAK = YES;
				CLANG_WARN_BLOCK_CAPTURE_AUTORELEASING = YES;
				CLANG_WARN_BOOL_CONVERSION = YES;
				CLANG_WARN_COMMA = YES;
				CLANG_WARN_CONSTANT_CONVERSION = YES;
				CLANG_WARN_DEPRECATED_OBJC_IMPLEMENTATIONS = YES;
				CLANG_WARN_DIRECT_OBJC_ISA_USAGE = YES_ERROR;
				CLANG_WARN_DOCUMENTATION_COMMENTS = YES;
				CLANG_WARN_EMPTY_BODY = YES;
				CLANG_WARN_ENUM_CONVERSION = YES;
				CLANG_WARN_INFINITE_RECURSION = YES;
				CLANG_WARN_INT_CONVERSION = YES;
				CLANG_WARN_NON_LITERAL_NULL_CONVERSION = YES;
				CLANG_WARN_OBJC_IMPLICIT_RETAIN_SELF = YES;
				CLANG_WARN_OBJC_LITERAL_CONVERSION = YES;
				CLANG_WARN_OBJC_ROOT_CLASS = YES_ERROR;
				CLANG_WARN_QUOTED_INCLUDE_IN_FRAMEWORK_HEADER = YES;
				CLANG_WARN_RANGE_LOOP_ANALYSIS = YES;
				CLANG_WARN_STRICT_PROTOTYPES = YES;
				CLANG_WARN_SUSPICIOUS_MOVE = YES;
				CLANG_WARN_UNGUARDED_AVAILABILITY = YES_AGGRESSIVE;
				CLANG_WARN_UNREACHABLE_CODE = YES;
				CLANG_WARN__DUPLICATE_METHOD_MATCH = YES;
				COPY_PHASE_STRIP = NO;
				DEBUG_INFORMATION_FORMAT = "dwarf-with-dsym";
				ENABLE_NS_ASSERTIONS = NO;
				ENABLE_STRICT_OBJC_MSGSEND = YES;
				GCC_C_LANGUAGE_STANDARD = gnu11;
				GCC_NO_COMMON_BLOCKS = YES;
				GCC_WARN_64_TO_32_BIT_CONVERSION = YES;
				GCC_WARN_ABOUT_RETURN_TYPE = YES_ERROR;
				GCC_WARN_UNDECLARED_SELECTOR = YES;
				GCC_WARN_UNINITIALIZED_AUTOS = YES_AGGRESSIVE;
				GCC_WARN_UNUSED_FUNCTION = YES;
				GCC_WARN_UNUSED_VARIABLE = YES;
				IPHONEOS_DEPLOYMENT_TARGET = 14.4;
				MTL_ENABLE_DEBUG_INFO = NO;
				MTL_FAST_MATH = YES;
				SDKROOT = iphoneos;
				SWIFT_COMPILATION_MODE = wholemodule;
				SWIFT_OPTIMIZATION_LEVEL = "-O";
				VALIDATE_PRODUCT = YES;
			};
			name = Release;
		};
		C38797A027174B09004B977E /* Debug */ = {
			isa = XCBuildConfiguration;
			buildSettings = {
				ASSETCATALOG_COMPILER_APPICON_NAME = AppIcon;
				ASSETCATALOG_COMPILER_GLOBAL_ACCENT_COLOR_NAME = AccentColor;
				CODE_SIGN_STYLE = Automatic;
				INFOPLIST_FILE = CommunicationBetweenWebviewAndNative/Info.plist;
				LD_RUNPATH_SEARCH_PATHS = (
					"$(inherited)",
					"@executable_path/Frameworks",
				);
				PRODUCT_BUNDLE_IDENTIFIER = com.CommunicationBetweenWebviewAndNative.CommunicationBetweenWebviewAndNative;
				PRODUCT_NAME = "$(TARGET_NAME)";
				SWIFT_VERSION = 5.0;
				TARGETED_DEVICE_FAMILY = "1,2";
			};
			name = Debug;
		};
		C38797A127174B09004B977E /* Release */ = {
			isa = XCBuildConfiguration;
			buildSettings = {
				ASSETCATALOG_COMPILER_APPICON_NAME = AppIcon;
				ASSETCATALOG_COMPILER_GLOBAL_ACCENT_COLOR_NAME = AccentColor;
				CODE_SIGN_STYLE = Automatic;
				INFOPLIST_FILE = CommunicationBetweenWebviewAndNative/Info.plist;
				LD_RUNPATH_SEARCH_PATHS = (
					"$(inherited)",
					"@executable_path/Frameworks",
				);
				PRODUCT_BUNDLE_IDENTIFIER = com.CommunicationBetweenWebviewAndNative.CommunicationBetweenWebviewAndNative;
				PRODUCT_NAME = "$(TARGET_NAME)";
				SWIFT_VERSION = 5.0;
				TARGETED_DEVICE_FAMILY = "1,2";
			};
			name = Release;
		};
/* End XCBuildConfiguration section */

/* Begin XCConfigurationList section */
		C387978627174B06004B977E /* Build configuration list for PBXProject "CommunicationBetweenWebviewAndNative" */ = {
			isa = XCConfigurationList;
			buildConfigurations = (
				C387979D27174B09004B977E /* Debug */,
				C387979E27174B09004B977E /* Release */,
			);
			defaultConfigurationIsVisible = 0;
			defaultConfigurationName = Release;
		};
		C387979F27174B09004B977E /* Build configuration list for PBXNativeTarget "CommunicationBetweenWebviewAndNative" */ = {
			isa = XCConfigurationList;
			buildConfigurations = (
				C38797A027174B09004B977E /* Debug */,
				C38797A127174B09004B977E /* Release */,
			);
			defaultConfigurationIsVisible = 0;
			defaultConfigurationName = Release;
		};
/* End XCConfigurationList section */
	};
	rootObject = C387978327174B06004B977E /* Project object */;
}
